<?xml version="1.0" encoding="UTF-8"?>
<Scheme
   LastUpgradeVersion = "1010"
   version = "1.3">
   <BuildAction
      parallelizeBuildables = "YES"
      buildImplicitDependencies = "YES">
      <BuildActionEntries>
         <BuildActionEntry
            buildForTesting = "YES"
            buildForRunning = "YES"
            buildForProfiling = "YES"
            buildForArchiving = "YES"
            buildForAnalyzing = "YES">
            <BuildableReference
               BuildableIdentifier = "primary"
               BlueprintIdentifier = "2A717419231F3C0B8A3E0F06"
               BuildableName = "Alamofire.framework"
               BlueprintName = "Alamofire"
               ReferencedContainer = "container:Tuist/.build/tuist-derived/Alamofire/Alamofire.xcodeproj">
            </BuildableReference>
         </BuildActionEntry>
         <BuildActionEntry
            buildForTesting = "YES"
            buildForRunning = "YES"
            buildForProfiling = "YES"
            buildForArchiving = "YES"
            buildForAnalyzing = "YES">
            <BuildableReference
               BuildableIdentifier = "primary"
               BlueprintIdentifier = "C3BA862877E313694144FDA3"
               BuildableName = "AlamofireImage.framework"
               BlueprintName = "AlamofireImage"
               ReferencedContainer = "container:Tuist/.build/tuist-derived/AlamofireImage/AlamofireImage.xcodeproj">
            </BuildableReference>
         </BuildActionEntry>
         <BuildActionEntry
            buildForTesting = "YES"
            buildForRunning = "YES"
            buildForProfiling = "YES"
            buildForArchiving = "YES"
            buildForAnalyzing = "YES">
            <BuildableReference
               BuildableIdentifier = "primary"
               BlueprintIdentifier = "B55B2CB883D6F4AC79C162BF"
               BuildableName = "Atomics.framework"
               BlueprintName = "Atomics"
               ReferencedContainer = "container:Tuist/.build/tuist-derived/swift-atomics/swift-atomics.xcodeproj">
            </BuildableReference>
         </BuildActionEntry>
         <BuildActionEntry
            buildForTesting = "YES"
            buildForRunning = "YES"
            buildForProfiling = "YES"
            buildForArchiving = "YES"
            buildForAnalyzing = "YES">
            <BuildableReference
               BuildableIdentifier = "primary"
               BlueprintIdentifier = "0CA9F68BE90BCAF14CDCCE37"
               BuildableName = "Bodega.framework"
               BlueprintName = "Bodega"
               ReferencedContainer = "container:Tuist/.build/tuist-derived/Bodega/Bodega.xcodeproj">
            </BuildableReference>
         </BuildActionEntry>
         <BuildActionEntry
            buildForTesting = "YES"
            buildForRunning = "YES"
            buildForProfiling = "YES"
            buildForArchiving = "YES"
            buildForAnalyzing = "YES">
            <BuildableReference
               BuildableIdentifier = "primary"
               BlueprintIdentifier = "86CD0A1929940956689D37C9"
               BuildableName = "CNIOAtomics.framework"
               BlueprintName = "CNIOAtomics"
               ReferencedContainer = "container:Tuist/.build/tuist-derived/swift-nio/swift-nio.xcodeproj">
            </BuildableReference>
         </BuildActionEntry>
         <BuildActionEntry
            buildForTesting = "YES"
            buildForRunning = "YES"
            buildForProfiling = "YES"
            buildForArchiving = "YES"
            buildForAnalyzing = "YES">
            <BuildableReference
               BuildableIdentifier = "primary"
               BlueprintIdentifier = "CB946423C1C7C3FCE2CA456E"
               BuildableName = "CNIODarwin.framework"
               BlueprintName = "CNIODarwin"
               ReferencedContainer = "container:Tuist/.build/tuist-derived/swift-nio/swift-nio.xcodeproj">
            </BuildableReference>
         </BuildActionEntry>
         <BuildActionEntry
            buildForTesting = "YES"
            buildForRunning = "YES"
            buildForProfiling = "YES"
            buildForArchiving = "YES"
            buildForAnalyzing = "YES">
            <BuildableReference
               BuildableIdentifier = "primary"
               BlueprintIdentifier = "D7D0ACC6F6B3E59B33A5FE26"
               BuildableName = "CNIOLLHTTP.framework"
               BlueprintName = "CNIOLLHTTP"
               ReferencedContainer = "container:Tuist/.build/tuist-derived/swift-nio/swift-nio.xcodeproj">
            </BuildableReference>
         </BuildActionEntry>
         <BuildActionEntry
            buildForTesting = "YES"
            buildForRunning = "YES"
            buildForProfiling = "YES"
            buildForArchiving = "YES"
            buildForAnalyzing = "YES">
            <BuildableReference
               BuildableIdentifier = "primary"
               BlueprintIdentifier = "C6AF38057D575FEA5C87B31C"
               BuildableName = "CNIOLinux.framework"
               BlueprintName = "CNIOLinux"
               ReferencedContainer = "container:Tuist/.build/tuist-derived/swift-nio/swift-nio.xcodeproj">
            </BuildableReference>
         </BuildActionEntry>
         <BuildActionEntry
            buildForTesting = "YES"
            buildForRunning = "YES"
            buildForProfiling = "YES"
            buildForArchiving = "YES"
            buildForAnalyzing = "YES">
            <BuildableReference
               BuildableIdentifier = "primary"
               BlueprintIdentifier = "9596A97D97A8338CCCF3341C"
               BuildableName = "CNIOPosix.framework"
               BlueprintName = "CNIOPosix"
               ReferencedContainer = "container:Tuist/.build/tuist-derived/swift-nio/swift-nio.xcodeproj">
            </BuildableReference>
         </BuildActionEntry>
         <BuildActionEntry
            buildForTesting = "YES"
            buildForRunning = "YES"
            buildForProfiling = "YES"
            buildForArchiving = "YES"
            buildForAnalyzing = "YES">
            <BuildableReference
               BuildableIdentifier = "primary"
               BlueprintIdentifier = "1A0DDED402FFFD7E82777A27"
               BuildableName = "CNIOWASI.framework"
               BlueprintName = "CNIOWASI"
               ReferencedContainer = "container:Tuist/.build/tuist-derived/swift-nio/swift-nio.xcodeproj">
            </BuildableReference>
         </BuildActionEntry>
         <BuildActionEntry
            buildForTesting = "YES"
            buildForRunning = "YES"
            buildForProfiling = "YES"
            buildForArchiving = "YES"
            buildForAnalyzing = "YES">
            <BuildableReference
               BuildableIdentifier = "primary"
               BlueprintIdentifier = "572E9C4110E43F9CF82BF040"
               BuildableName = "CNIOWindows.framework"
               BlueprintName = "CNIOWindows"
               ReferencedContainer = "container:Tuist/.build/tuist-derived/swift-nio/swift-nio.xcodeproj">
            </BuildableReference>
         </BuildActionEntry>
         <BuildActionEntry
            buildForTesting = "YES"
            buildForRunning = "YES"
            buildForProfiling = "YES"
            buildForArchiving = "YES"
            buildForAnalyzing = "YES">
            <BuildableReference
               BuildableIdentifier = "primary"
               BlueprintIdentifier = "B9615B2C4E66E1DBB92EFC76"
               BuildableName = "CoreDataStack.framework"
               BlueprintName = "CoreDataStack"
               ReferencedContainer = "container:MastodonSDK/MastodonSDK.xcodeproj">
            </BuildableReference>
         </BuildActionEntry>
         <BuildActionEntry
            buildForTesting = "YES"
            buildForRunning = "YES"
            buildForProfiling = "YES"
            buildForArchiving = "YES"
            buildForAnalyzing = "YES">
            <BuildableReference
               BuildableIdentifier = "primary"
               BlueprintIdentifier = "5E5305F46DD0090177AD2B7F"
               BuildableName = "CropViewController.framework"
               BlueprintName = "CropViewController"
               ReferencedContainer = "container:Tuist/.build/tuist-derived/TOCropViewController/TOCropViewController.xcodeproj">
            </BuildableReference>
         </BuildActionEntry>
         <BuildActionEntry
            buildForTesting = "YES"
            buildForRunning = "YES"
            buildForProfiling = "YES"
            buildForArchiving = "YES"
            buildForAnalyzing = "YES">
            <BuildableReference
               BuildableIdentifier = "primary"
               BlueprintIdentifier = "707F0BCAE2A3711F8A9E52F0"
               BuildableName = "DequeModule.framework"
               BlueprintName = "DequeModule"
               ReferencedContainer = "container:Tuist/.build/tuist-derived/swift-collections/swift-collections.xcodeproj">
            </BuildableReference>
         </BuildActionEntry>
         <BuildActionEntry
            buildForTesting = "YES"
            buildForRunning = "YES"
            buildForProfiling = "YES"
            buildForArchiving = "YES"
            buildForAnalyzing = "YES">
            <BuildableReference
               BuildableIdentifier = "primary"
               BlueprintIdentifier = "CA98942A61F67074535CBE88"
               BuildableName = "FLAnimatedImage.framework"
               BlueprintName = "FLAnimatedImage"
               ReferencedContainer = "container:Tuist/.build/tuist-derived/FLAnimatedImage/FLAnimatedImage.xcodeproj">
            </BuildableReference>
         </BuildActionEntry>
         <BuildActionEntry
            buildForTesting = "YES"
            buildForRunning = "YES"
            buildForProfiling = "YES"
            buildForArchiving = "YES"
            buildForAnalyzing = "YES">
            <BuildableReference
               BuildableIdentifier = "primary"
               BlueprintIdentifier = "C4DBD4EE35D680B12DB93C7D"
               BuildableName = "FXPageControl.framework"
               BlueprintName = "FXPageControl"
               ReferencedContainer = "container:Tuist/.build/tuist-derived/FXPageControl/FXPageControl.xcodeproj">
            </BuildableReference>
         </BuildActionEntry>
         <BuildActionEntry
            buildForTesting = "YES"
            buildForRunning = "YES"
            buildForProfiling = "YES"
            buildForArchiving = "YES"
            buildForAnalyzing = "YES">
            <BuildableReference
               BuildableIdentifier = "primary"
               BlueprintIdentifier = "882EF092608B808A8CC2CAF7"
               BuildableName = "FaviconFinder.framework"
               BlueprintName = "FaviconFinder"
               ReferencedContainer = "container:Tuist/.build/tuist-derived/FaviconFinder/FaviconFinder.xcodeproj">
            </BuildableReference>
         </BuildActionEntry>
         <BuildActionEntry
            buildForTesting = "YES"
            buildForRunning = "YES"
            buildForProfiling = "YES"
            buildForArchiving = "YES"
            buildForAnalyzing = "YES">
            <BuildableReference
               BuildableIdentifier = "primary"
               BlueprintIdentifier = "286DE7F6BD83D03B6849415D"
               BuildableName = "Fuzi.framework"
               BlueprintName = "Fuzi"
               ReferencedContainer = "container:Tuist/.build/tuist-derived/Fuzi/Fuzi.xcodeproj">
            </BuildableReference>
         </BuildActionEntry>
         <BuildActionEntry
            buildForTesting = "YES"
            buildForRunning = "YES"
            buildForProfiling = "YES"
            buildForArchiving = "YES"
            buildForAnalyzing = "YES">
            <BuildableReference
               BuildableIdentifier = "primary"
               BlueprintIdentifier = "6A7B38BD8A72F03E40DC88E0"
               BuildableName = "InternalCollectionsUtilities.framework"
               BlueprintName = "InternalCollectionsUtilities"
               ReferencedContainer = "container:Tuist/.build/tuist-derived/swift-collections/swift-collections.xcodeproj">
            </BuildableReference>
         </BuildActionEntry>
         <BuildActionEntry
            buildForTesting = "YES"
            buildForRunning = "YES"
            buildForProfiling = "YES"
            buildForArchiving = "YES"
            buildForAnalyzing = "YES">
            <BuildableReference
               BuildableIdentifier = "primary"
               BlueprintIdentifier = "9E4760FA55DFF7525AD47702"
               BuildableName = "Kanna.framework"
               BlueprintName = "Kanna"
               ReferencedContainer = "container:Tuist/.build/tuist-derived/Kanna/Kanna.xcodeproj">
            </BuildableReference>
         </BuildActionEntry>
         <BuildActionEntry
            buildForTesting = "YES"
            buildForRunning = "YES"
            buildForProfiling = "YES"
            buildForArchiving = "YES"
            buildForAnalyzing = "YES">
            <BuildableReference
               BuildableIdentifier = "primary"
               BlueprintIdentifier = "FC8983B65BEFA93EC9015ECE"
               BuildableName = "KeychainAccess.framework"
               BlueprintName = "KeychainAccess"
               ReferencedContainer = "container:Tuist/.build/tuist-derived/KeychainAccess/KeychainAccess.xcodeproj">
            </BuildableReference>
         </BuildActionEntry>
         <BuildActionEntry
            buildForTesting = "YES"
            buildForRunning = "YES"
            buildForProfiling = "YES"
            buildForArchiving = "YES"
            buildForAnalyzing = "YES">
            <BuildableReference
               BuildableIdentifier = "primary"
               BlueprintIdentifier = "7983C26DED4E367F41385E24"
               BuildableName = "LRUCache.framework"
               BlueprintName = "LRUCache"
               ReferencedContainer = "container:Tuist/.build/tuist-derived/LRUCache/LRUCache.xcodeproj">
            </BuildableReference>
         </BuildActionEntry>
         <BuildActionEntry
            buildForTesting = "YES"
            buildForRunning = "YES"
            buildForProfiling = "YES"
            buildForArchiving = "YES"
            buildForAnalyzing = "YES">
            <BuildableReference
               BuildableIdentifier = "primary"
               BlueprintIdentifier = "5867F83D3D559C6BA0229C5F"
               BuildableName = "MBProgressHUD.framework"
               BlueprintName = "MBProgressHUD"
               ReferencedContainer = "container:Tuist/.build/tuist-derived/MBProgressHUD/MBProgressHUD.xcodeproj">
            </BuildableReference>
         </BuildActionEntry>
         <BuildActionEntry
            buildForTesting = "YES"
            buildForRunning = "YES"
            buildForProfiling = "YES"
            buildForArchiving = "YES"
            buildForAnalyzing = "YES">
            <BuildableReference
               BuildableIdentifier = "primary"
               BlueprintIdentifier = "4439DF99148BA48036CEF144"
               BuildableName = "MastoParse.framework"
               BlueprintName = "MastoParse"
               ReferencedContainer = "container:Tuist/.build/tuist-derived/MastoParse/MastoParse.xcodeproj">
            </BuildableReference>
         </BuildActionEntry>
         <BuildActionEntry
            buildForTesting = "YES"
            buildForRunning = "YES"
            buildForProfiling = "YES"
            buildForArchiving = "YES"
            buildForAnalyzing = "YES">
            <BuildableReference
               BuildableIdentifier = "primary"
               BlueprintIdentifier = "7A122F9130ED85328BD30612"
               BuildableName = "Mastodon.app"
               BlueprintName = "Mastodon"
               ReferencedContainer = "container:MastodonTuist.xcodeproj">
            </BuildableReference>
         </BuildActionEntry>
         <BuildActionEntry
            buildForTesting = "YES"
            buildForRunning = "YES"
            buildForProfiling = "YES"
            buildForArchiving = "YES"
            buildForAnalyzing = "YES">
            <BuildableReference
               BuildableIdentifier = "primary"
               BlueprintIdentifier = "58C5020E9A4C6DF983F8407C"
               BuildableName = "MastodonAsset.framework"
               BlueprintName = "MastodonAsset"
               ReferencedContainer = "container:MastodonSDK/MastodonSDK.xcodeproj">
            </BuildableReference>
         </BuildActionEntry>
         <BuildActionEntry
            buildForTesting = "YES"
            buildForRunning = "YES"
            buildForProfiling = "YES"
            buildForArchiving = "YES"
            buildForAnalyzing = "YES">
            <BuildableReference
               BuildableIdentifier = "primary"
               BlueprintIdentifier = "C4EA9B99B9DA828970C24F15"
               BuildableName = "MastodonCommon.framework"
               BlueprintName = "MastodonCommon"
               ReferencedContainer = "container:MastodonSDK/MastodonSDK.xcodeproj">
            </BuildableReference>
         </BuildActionEntry>
         <BuildActionEntry
            buildForTesting = "YES"
            buildForRunning = "YES"
            buildForProfiling = "YES"
            buildForArchiving = "YES"
            buildForAnalyzing = "YES">
            <BuildableReference
               BuildableIdentifier = "primary"
               BlueprintIdentifier = "F2204C22F4D2A7BBD94CD60A"
               BuildableName = "MastodonCore.framework"
               BlueprintName = "MastodonCore"
               ReferencedContainer = "container:MastodonSDK/MastodonSDK.xcodeproj">
            </BuildableReference>
         </BuildActionEntry>
         <BuildActionEntry
            buildForTesting = "YES"
            buildForRunning = "YES"
            buildForProfiling = "YES"
            buildForArchiving = "YES"
            buildForAnalyzing = "YES">
            <BuildableReference
               BuildableIdentifier = "primary"
               BlueprintIdentifier = "550D49E2950B1B114F8EC01F"
               BuildableName = "MastodonExtension.framework"
               BlueprintName = "MastodonExtension"
               ReferencedContainer = "container:MastodonSDK/MastodonSDK.xcodeproj">
            </BuildableReference>
         </BuildActionEntry>
         <BuildActionEntry
            buildForTesting = "YES"
            buildForRunning = "YES"
            buildForProfiling = "YES"
            buildForArchiving = "YES"
            buildForAnalyzing = "YES">
            <BuildableReference
               BuildableIdentifier = "primary"
               BlueprintIdentifier = "321EAEBD86DB91EE72BED109"
               BuildableName = "MastodonLocalization.framework"
               BlueprintName = "MastodonLocalization"
               ReferencedContainer = "container:MastodonSDK/MastodonSDK.xcodeproj">
            </BuildableReference>
         </BuildActionEntry>
         <BuildActionEntry
            buildForTesting = "YES"
            buildForRunning = "YES"
            buildForProfiling = "YES"
            buildForArchiving = "YES"
            buildForAnalyzing = "YES">
            <BuildableReference
               BuildableIdentifier = "primary"
               BlueprintIdentifier = "01C0D84DF087DAC21F64D479"
               BuildableName = "MastodonMeta.framework"
               BlueprintName = "MastodonMeta"
               ReferencedContainer = "container:Tuist/.build/tuist-derived/MetaTextKit/MetaTextKit.xcodeproj">
            </BuildableReference>
         </BuildActionEntry>
         <BuildActionEntry
            buildForTesting = "YES"
            buildForRunning = "YES"
            buildForProfiling = "YES"
            buildForArchiving = "YES"
            buildForAnalyzing = "YES">
            <BuildableReference
               BuildableIdentifier = "primary"
               BlueprintIdentifier = "7F5CB71B47F24B711A59F4E4"
               BuildableName = "MastodonSDK.framework"
               BlueprintName = "MastodonSDK"
               ReferencedContainer = "container:MastodonSDK/MastodonSDK.xcodeproj">
            </BuildableReference>
         </BuildActionEntry>
         <BuildActionEntry
            buildForTesting = "YES"
            buildForRunning = "YES"
            buildForProfiling = "YES"
            buildForArchiving = "YES"
            buildForAnalyzing = "YES">
            <BuildableReference
               BuildableIdentifier = "primary"
               BlueprintIdentifier = "0E6AC53312B1A59A9504C984"
               BuildableName = "MastodonSDK_CoreDataStack.bundle"
               BlueprintName = "MastodonSDK_CoreDataStack"
               ReferencedContainer = "container:MastodonSDK/MastodonSDK.xcodeproj">
            </BuildableReference>
         </BuildActionEntry>
         <BuildActionEntry
            buildForTesting = "YES"
            buildForRunning = "YES"
            buildForProfiling = "YES"
            buildForArchiving = "YES"
            buildForAnalyzing = "YES">
            <BuildableReference
               BuildableIdentifier = "primary"
               BlueprintIdentifier = "96801F321A7B810A82D3D5F9"
               BuildableName = "MastodonSDK_MastodonAsset.bundle"
               BlueprintName = "MastodonSDK_MastodonAsset"
               ReferencedContainer = "container:MastodonSDK/MastodonSDK.xcodeproj">
            </BuildableReference>
         </BuildActionEntry>
         <BuildActionEntry
            buildForTesting = "YES"
            buildForRunning = "YES"
            buildForProfiling = "YES"
            buildForArchiving = "YES"
            buildForAnalyzing = "YES">
            <BuildableReference
               BuildableIdentifier = "primary"
               BlueprintIdentifier = "5C851A415AA614EDB8C2DE03"
               BuildableName = "MastodonSDK_MastodonLocalization.bundle"
               BlueprintName = "MastodonSDK_MastodonLocalization"
               ReferencedContainer = "container:MastodonSDK/MastodonSDK.xcodeproj">
            </BuildableReference>
         </BuildActionEntry>
         <BuildActionEntry
            buildForTesting = "YES"
            buildForRunning = "YES"
            buildForProfiling = "YES"
            buildForArchiving = "YES"
            buildForAnalyzing = "YES">
            <BuildableReference
               BuildableIdentifier = "primary"
               BlueprintIdentifier = "037FDE1398FAEDE4A8A27990"
               BuildableName = "MastodonUI.framework"
               BlueprintName = "MastodonUI"
               ReferencedContainer = "container:MastodonSDK/MastodonSDK.xcodeproj">
            </BuildableReference>
         </BuildActionEntry>
         <BuildActionEntry
            buildForTesting = "YES"
            buildForRunning = "YES"
            buildForProfiling = "YES"
            buildForArchiving = "YES"
            buildForAnalyzing = "YES">
            <BuildableReference
               BuildableIdentifier = "primary"
               BlueprintIdentifier = "D390AFD3C7149FB2DA5557DF"
               BuildableName = "Meta.framework"
               BlueprintName = "Meta"
               ReferencedContainer = "container:Tuist/.build/tuist-derived/MetaTextKit/MetaTextKit.xcodeproj">
            </BuildableReference>
         </BuildActionEntry>
         <BuildActionEntry
            buildForTesting = "YES"
            buildForRunning = "YES"
            buildForProfiling = "YES"
            buildForArchiving = "YES"
            buildForAnalyzing = "YES">
            <BuildableReference
               BuildableIdentifier = "primary"
               BlueprintIdentifier = "712995CC2C4ECDD0D93AD46C"
               BuildableName = "MetaTextKit.framework"
               BlueprintName = "MetaTextKit"
               ReferencedContainer = "container:Tuist/.build/tuist-derived/MetaTextKit/MetaTextKit.xcodeproj">
            </BuildableReference>
         </BuildActionEntry>
         <BuildActionEntry
            buildForTesting = "YES"
            buildForRunning = "YES"
            buildForProfiling = "YES"
            buildForArchiving = "YES"
            buildForAnalyzing = "YES">
            <BuildableReference
               BuildableIdentifier = "primary"
               BlueprintIdentifier = "AC84000F15D617D48694DC8C"
               BuildableName = "NIO.framework"
               BlueprintName = "NIO"
               ReferencedContainer = "container:Tuist/.build/tuist-derived/swift-nio/swift-nio.xcodeproj">
            </BuildableReference>
         </BuildActionEntry>
         <BuildActionEntry
            buildForTesting = "YES"
            buildForRunning = "YES"
            buildForProfiling = "YES"
            buildForArchiving = "YES"
            buildForAnalyzing = "YES">
            <BuildableReference
               BuildableIdentifier = "primary"
               BlueprintIdentifier = "CC79365AE13B9ADBE8A8EED3"
               BuildableName = "NIOConcurrencyHelpers.framework"
               BlueprintName = "NIOConcurrencyHelpers"
               ReferencedContainer = "container:Tuist/.build/tuist-derived/swift-nio/swift-nio.xcodeproj">
            </BuildableReference>
         </BuildActionEntry>
         <BuildActionEntry
            buildForTesting = "YES"
            buildForRunning = "YES"
            buildForProfiling = "YES"
            buildForArchiving = "YES"
            buildForAnalyzing = "YES">
            <BuildableReference
               BuildableIdentifier = "primary"
               BlueprintIdentifier = "3ED0FC107193DD6FA6D3E24B"
               BuildableName = "NIOCore.framework"
               BlueprintName = "NIOCore"
               ReferencedContainer = "container:Tuist/.build/tuist-derived/swift-nio/swift-nio.xcodeproj">
            </BuildableReference>
         </BuildActionEntry>
         <BuildActionEntry
            buildForTesting = "YES"
            buildForRunning = "YES"
            buildForProfiling = "YES"
            buildForArchiving = "YES"
            buildForAnalyzing = "YES">
            <BuildableReference
               BuildableIdentifier = "primary"
               BlueprintIdentifier = "09EF0D87E9AF71D4023AA7CD"
               BuildableName = "NIOEmbedded.framework"
               BlueprintName = "NIOEmbedded"
               ReferencedContainer = "container:Tuist/.build/tuist-derived/swift-nio/swift-nio.xcodeproj">
            </BuildableReference>
         </BuildActionEntry>
         <BuildActionEntry
            buildForTesting = "YES"
            buildForRunning = "YES"
            buildForProfiling = "YES"
            buildForArchiving = "YES"
            buildForAnalyzing = "YES">
            <BuildableReference
               BuildableIdentifier = "primary"
               BlueprintIdentifier = "57EBA644532AA1E576DA8C5E"
               BuildableName = "NIOHTTP1.framework"
               BlueprintName = "NIOHTTP1"
               ReferencedContainer = "container:Tuist/.build/tuist-derived/swift-nio/swift-nio.xcodeproj">
            </BuildableReference>
         </BuildActionEntry>
         <BuildActionEntry
            buildForTesting = "YES"
            buildForRunning = "YES"
            buildForProfiling = "YES"
            buildForArchiving = "YES"
            buildForAnalyzing = "YES">
            <BuildableReference
               BuildableIdentifier = "primary"
               BlueprintIdentifier = "78426BFD21E0065F08E566A0"
               BuildableName = "NIOPosix.framework"
               BlueprintName = "NIOPosix"
               ReferencedContainer = "container:Tuist/.build/tuist-derived/swift-nio/swift-nio.xcodeproj">
            </BuildableReference>
         </BuildActionEntry>
         <BuildActionEntry
            buildForTesting = "YES"
            buildForRunning = "YES"
            buildForProfiling = "YES"
            buildForArchiving = "YES"
            buildForAnalyzing = "YES">
            <BuildableReference
               BuildableIdentifier = "primary"
               BlueprintIdentifier = "C9E0BC78A0E529700E4AF196"
               BuildableName = "Nuke.framework"
               BlueprintName = "Nuke"
               ReferencedContainer = "container:Tuist/.build/tuist-derived/Nuke/Nuke.xcodeproj">
            </BuildableReference>
         </BuildActionEntry>
         <BuildActionEntry
            buildForTesting = "YES"
            buildForRunning = "YES"
            buildForProfiling = "YES"
            buildForArchiving = "YES"
            buildForAnalyzing = "YES">
            <BuildableReference
               BuildableIdentifier = "primary"
               BlueprintIdentifier = "E07053DCBDB7F16C14688195"
               BuildableName = "OrderedCollections.framework"
               BlueprintName = "OrderedCollections"
               ReferencedContainer = "container:Tuist/.build/tuist-derived/swift-collections/swift-collections.xcodeproj">
            </BuildableReference>
         </BuildActionEntry>
         <BuildActionEntry
            buildForTesting = "YES"
            buildForRunning = "YES"
            buildForProfiling = "YES"
            buildForArchiving = "YES"
            buildForAnalyzing = "YES">
            <BuildableReference
               BuildableIdentifier = "primary"
               BlueprintIdentifier = "7BB1D6BDF9B679FB3B659920"
               BuildableName = "Pageboy.framework"
               BlueprintName = "Pageboy"
               ReferencedContainer = "container:Tuist/.build/tuist-derived/Pageboy/Pageboy.xcodeproj">
            </BuildableReference>
         </BuildActionEntry>
         <BuildActionEntry
            buildForTesting = "YES"
            buildForRunning = "YES"
            buildForProfiling = "YES"
            buildForArchiving = "YES"
            buildForAnalyzing = "YES">
            <BuildableReference
               BuildableIdentifier = "primary"
               BlueprintIdentifier = "4522BA1E69969A14ADA602B2"
               BuildableName = "SDWebImage.framework"
               BlueprintName = "SDWebImage"
               ReferencedContainer = "container:Tuist/.build/tuist-derived/SDWebImage/SDWebImage.xcodeproj">
            </BuildableReference>
         </BuildActionEntry>
         <BuildActionEntry
            buildForTesting = "YES"
            buildForRunning = "YES"
            buildForProfiling = "YES"
            buildForArchiving = "YES"
            buildForAnalyzing = "YES">
            <BuildableReference
               BuildableIdentifier = "primary"
               BlueprintIdentifier = "7E98E6772BC4312137A7E9A7"
               BuildableName = "SQLite.framework"
               BlueprintName = "SQLite"
               ReferencedContainer = "container:Tuist/.build/tuist-derived/SQLite.swift/SQLite.swift.xcodeproj">
            </BuildableReference>
         </BuildActionEntry>
         <BuildActionEntry
            buildForTesting = "YES"
            buildForRunning = "YES"
            buildForProfiling = "YES"
            buildForArchiving = "YES"
            buildForAnalyzing = "YES">
            <BuildableReference
               BuildableIdentifier = "primary"
               BlueprintIdentifier = "26129B9DFBB6F09C2CC57FED"
               BuildableName = "SessionExporter.framework"
               BlueprintName = "SessionExporter"
               ReferencedContainer = "container:Tuist/.build/tuist-derived/NextLevelSessionExporter/NextLevelSessionExporter.xcodeproj">
            </BuildableReference>
         </BuildActionEntry>
         <BuildActionEntry
            buildForTesting = "YES"
            buildForRunning = "YES"
            buildForProfiling = "YES"
            buildForArchiving = "YES"
            buildForAnalyzing = "YES">
            <BuildableReference
               BuildableIdentifier = "primary"
               BlueprintIdentifier = "A477C80753DD3C60D4359179"
               BuildableName = "Stripes.framework"
               BlueprintName = "Stripes"
               ReferencedContainer = "container:Tuist/.build/tuist-derived/Stripes/Stripes.xcodeproj">
            </BuildableReference>
         </BuildActionEntry>
         <BuildActionEntry
            buildForTesting = "YES"
            buildForRunning = "YES"
            buildForProfiling = "YES"
            buildForArchiving = "YES"
            buildForAnalyzing = "YES">
            <BuildableReference
               BuildableIdentifier = "primary"
               BlueprintIdentifier = "F4851416F94D82A4E0A5A346"
               BuildableName = "SwiftSoup.framework"
               BlueprintName = "SwiftSoup"
               ReferencedContainer = "container:Tuist/.build/tuist-derived/SwiftSoup/SwiftSoup.xcodeproj">
            </BuildableReference>
         </BuildActionEntry>
         <BuildActionEntry
            buildForTesting = "YES"
            buildForRunning = "YES"
            buildForProfiling = "YES"
            buildForArchiving = "YES"
            buildForAnalyzing = "YES">
            <BuildableReference
               BuildableIdentifier = "primary"
               BlueprintIdentifier = "A8E406F427F8A8217D5A7535"
               BuildableName = "TOCropViewController.framework"
               BlueprintName = "TOCropViewController"
               ReferencedContainer = "container:Tuist/.build/tuist-derived/TOCropViewController/TOCropViewController.xcodeproj">
            </BuildableReference>
         </BuildActionEntry>
         <BuildActionEntry
            buildForTesting = "YES"
            buildForRunning = "YES"
            buildForProfiling = "YES"
            buildForArchiving = "YES"
            buildForAnalyzing = "YES">
            <BuildableReference
               BuildableIdentifier = "primary"
               BlueprintIdentifier = "D2B830A366EB19DC70B09032"
               BuildableName = "TabBarPager.framework"
               BlueprintName = "TabBarPager"
               ReferencedContainer = "container:Tuist/.build/tuist-derived/TabBarPager/TabBarPager.xcodeproj">
            </BuildableReference>
         </BuildActionEntry>
         <BuildActionEntry
            buildForTesting = "YES"
            buildForRunning = "YES"
            buildForProfiling = "YES"
            buildForArchiving = "YES"
            buildForAnalyzing = "YES">
            <BuildableReference
               BuildableIdentifier = "primary"
               BlueprintIdentifier = "73BDC8E82D3E3821A04A42CD"
               BuildableName = "Tabman.framework"
               BlueprintName = "Tabman"
               ReferencedContainer = "container:Tuist/.build/tuist-derived/Tabman/Tabman.xcodeproj">
            </BuildableReference>
         </BuildActionEntry>
         <BuildActionEntry
            buildForTesting = "YES"
            buildForRunning = "YES"
            buildForProfiling = "YES"
            buildForArchiving = "YES"
            buildForAnalyzing = "YES">
            <BuildableReference
               BuildableIdentifier = "primary"
               BlueprintIdentifier = "40E4A8713922BA2B1288106B"
               BuildableName = "TwitterMeta.framework"
               BlueprintName = "TwitterMeta"
               ReferencedContainer = "container:Tuist/.build/tuist-derived/MetaTextKit/MetaTextKit.xcodeproj">
            </BuildableReference>
         </BuildActionEntry>
         <BuildActionEntry
            buildForTesting = "YES"
            buildForRunning = "YES"
            buildForProfiling = "YES"
            buildForArchiving = "YES"
            buildForAnalyzing = "YES">
            <BuildableReference
               BuildableIdentifier = "primary"
               BlueprintIdentifier = "6712F1CA8F053771228CDDB4"
               BuildableName = "UIHostingConfigurationBackport.framework"
               BlueprintName = "UIHostingConfigurationBackport"
               ReferencedContainer = "container:Tuist/.build/tuist-derived/UIHostingConfigurationBackport/UIHostingConfigurationBackport.xcodeproj">
            </BuildableReference>
         </BuildActionEntry>
         <BuildActionEntry
            buildForTesting = "YES"
            buildForRunning = "YES"
            buildForProfiling = "YES"
            buildForArchiving = "YES"
            buildForAnalyzing = "YES">
            <BuildableReference
               BuildableIdentifier = "primary"
               BlueprintIdentifier = "5D64FD71BDE6642821125EC1"
               BuildableName = "XLPagerTabStrip.framework"
               BlueprintName = "XLPagerTabStrip"
               ReferencedContainer = "container:Tuist/.build/tuist-derived/XLPagerTabStrip/XLPagerTabStrip.xcodeproj">
            </BuildableReference>
         </BuildActionEntry>
         <BuildActionEntry
            buildForTesting = "YES"
            buildForRunning = "YES"
            buildForProfiling = "YES"
            buildForArchiving = "YES"
            buildForAnalyzing = "YES">
            <BuildableReference
               BuildableIdentifier = "primary"
               BlueprintIdentifier = "BCA8148C831D4C46AD399A47"
               BuildableName = "_AtomicsShims.framework"
               BlueprintName = "_AtomicsShims"
               ReferencedContainer = "container:Tuist/.build/tuist-derived/swift-atomics/swift-atomics.xcodeproj">
            </BuildableReference>
         </BuildActionEntry>
         <BuildActionEntry
            buildForTesting = "YES"
            buildForRunning = "YES"
            buildForProfiling = "YES"
            buildForArchiving = "YES"
            buildForAnalyzing = "YES">
            <BuildableReference
               BuildableIdentifier = "primary"
               BlueprintIdentifier = "CBF60E60146DC33E6BA90BC4"
               BuildableName = "_NIOBase64.framework"
               BlueprintName = "_NIOBase64"
               ReferencedContainer = "container:Tuist/.build/tuist-derived/swift-nio/swift-nio.xcodeproj">
            </BuildableReference>
         </BuildActionEntry>
         <BuildActionEntry
            buildForTesting = "YES"
            buildForRunning = "YES"
            buildForProfiling = "YES"
            buildForArchiving = "YES"
            buildForAnalyzing = "YES">
            <BuildableReference
               BuildableIdentifier = "primary"
               BlueprintIdentifier = "7128DA30D828EEF8B04BBD06"
               BuildableName = "_NIODataStructures.framework"
               BlueprintName = "_NIODataStructures"
               ReferencedContainer = "container:Tuist/.build/tuist-derived/swift-nio/swift-nio.xcodeproj">
            </BuildableReference>
         </BuildActionEntry>
      </BuildActionEntries>
   </BuildAction>
   <TestAction
      buildConfiguration = "Debug"
      selectedDebuggerIdentifier = "Xcode.DebuggerFoundation.Debugger.LLDB"
      selectedLauncherIdentifier = "Xcode.DebuggerFoundation.Launcher.LLDB"
      shouldUseLaunchSchemeArgsEnv = "YES">
      <Testables>
      </Testables>
   </TestAction>
   <LaunchAction
      buildConfiguration = "Debug"
      selectedDebuggerIdentifier = "Xcode.DebuggerFoundation.Debugger.LLDB"
      selectedLauncherIdentifier = "Xcode.DebuggerFoundation.Launcher.LLDB"
      launchStyle = "0"
      useCustomWorkingDirectory = "NO"
      ignoresPersistentStateOnLaunch = "NO"
      debugDocumentVersioning = "YES"
      debugServiceExtension = "internal"
      allowLocationSimulation = "YES">
      <MacroExpansion>
         <BuildableReference
            BuildableIdentifier = "primary"
            BlueprintIdentifier = "2A717419231F3C0B8A3E0F06"
            BuildableName = "Alamofire.framework"
            BlueprintName = "Alamofire"
            ReferencedContainer = "container:Tuist/.build/tuist-derived/Alamofire/Alamofire.xcodeproj">
         </BuildableReference>
      </MacroExpansion>
   </LaunchAction>
   <ProfileAction
      buildConfiguration = "Debug"
      shouldUseLaunchSchemeArgsEnv = "YES"
      savedToolIdentifier = ""
      useCustomWorkingDirectory = "NO"
      debugDocumentVersioning = "YES">
      <MacroExpansion>
         <BuildableReference
            BuildableIdentifier = "primary"
            BlueprintIdentifier = "2A717419231F3C0B8A3E0F06"
            BuildableName = "Alamofire.framework"
            BlueprintName = "Alamofire"
            ReferencedContainer = "container:Tuist/.build/tuist-derived/Alamofire/Alamofire.xcodeproj">
         </BuildableReference>
      </MacroExpansion>
   </ProfileAction>
   <AnalyzeAction
      buildConfiguration = "Debug">
   </AnalyzeAction>
   <ArchiveAction
      buildConfiguration = "Debug"
      revealArchiveInOrganizer = "YES">
   </ArchiveAction>
</Scheme>
